
Microsoft Visual Studio Solution File, Format Version 12.00
# Visual Studio 15
VisualStudioVersion = 15.0.28010.2003
MinimumVisualStudioVersion = 10.0.40219.1
Project("{FAE04EC0-301F-11D3-BF4B-00C04F79EFBC}") = "pokus 2", "pokus 2\pokus 2.csproj", "{A95BF315-4F9C-41A2-8382-2F96587F9B4F}"
EndProject
Global
	GlobalSection(SolutionConfigurationPlatforms) = preSolution
		Debug|Any CPU = Debug|Any CPU
		Release|Any CPU = Release|Any CPU
	EndGlobalSection
	GlobalSection(ProjectConfigurationPlatforms) = postSolution
		{A95BF315-4F9C-41A2-8382-2F96587F9B4F}.Debug|Any CPU.ActiveCfg = Debug|Any CPU
		{A95BF315-4F9C-41A2-8382-2F96587F9B4F}.Debug|Any CPU.Build.0 = Debug|Any CPU
		{A95BF315-4F9C-41A2-8382-2F96587F9B4F}.Release|Any CPU.ActiveCfg = Release|Any CPU
		{A95BF315-4F9C-41A2-8382-2F96587F9B4F}.Release|Any CPU.Build.0 = Release|Any CPU
	EndGlobalSection
	GlobalSection(SolutionProperties) = preSolution
		HideSolutionNode = FALSE
	EndGlobalSection
	GlobalSection(ExtensibilityGlobals) = postSolution
		SolutionGuid = {01A892B4-7A71-4FA4-BDE5-DD4A33EAB7B6}
	EndGlobalSection
EndGlobal
