
Microsoft Visual Studio Solution File, Format Version 12.00
# Visual Studio 15
VisualStudioVersion = 15.0.28307.102
MinimumVisualStudioVersion = 10.0.40219.1
Project("{FAE04EC0-301F-11D3-BF4B-00C04F79EFBC}") = "Formular Osoby", "Formular Osoby\Formular Osoby.csproj", "{F1317184-AEE1-4182-B986-A2446C56B1BD}"
EndProject
Global
	GlobalSection(SolutionConfigurationPlatforms) = preSolution
		Debug|Any CPU = Debug|Any CPU
		Release|Any CPU = Release|Any CPU
	EndGlobalSection
	GlobalSection(ProjectConfigurationPlatforms) = postSolution
		{F1317184-AEE1-4182-B986-A2446C56B1BD}.Debug|Any CPU.ActiveCfg = Debug|Any CPU
		{F1317184-AEE1-4182-B986-A2446C56B1BD}.Debug|Any CPU.Build.0 = Debug|Any CPU
		{F1317184-AEE1-4182-B986-A2446C56B1BD}.Release|Any CPU.ActiveCfg = Release|Any CPU
		{F1317184-AEE1-4182-B986-A2446C56B1BD}.Release|Any CPU.Build.0 = Release|Any CPU
	EndGlobalSection
	GlobalSection(SolutionProperties) = preSolution
		HideSolutionNode = FALSE
	EndGlobalSection
	GlobalSection(ExtensibilityGlobals) = postSolution
		SolutionGuid = {82E8E7B1-C147-48B3-8786-7F0AF2C08320}
	EndGlobalSection
EndGlobal
