
Microsoft Visual Studio Solution File, Format Version 12.00
# Visual Studio 15
VisualStudioVersion = 15.0.28010.2026
MinimumVisualStudioVersion = 10.0.40219.1
Project("{FAE04EC0-301F-11D3-BF4B-00C04F79EFBC}") = "WandsAndGunsEvolve", "WandsAndGunsEvolve\WandsAndGunsEvolve.csproj", "{500AF5B2-6638-490C-86E5-43BE10B6ACEB}"
EndProject
Global
	GlobalSection(SolutionConfigurationPlatforms) = preSolution
		Debug|Any CPU = Debug|Any CPU
		Release|Any CPU = Release|Any CPU
	EndGlobalSection
	GlobalSection(ProjectConfigurationPlatforms) = postSolution
		{500AF5B2-6638-490C-86E5-43BE10B6ACEB}.Debug|Any CPU.ActiveCfg = Debug|Any CPU
		{500AF5B2-6638-490C-86E5-43BE10B6ACEB}.Debug|Any CPU.Build.0 = Debug|Any CPU
		{500AF5B2-6638-490C-86E5-43BE10B6ACEB}.Release|Any CPU.ActiveCfg = Release|Any CPU
		{500AF5B2-6638-490C-86E5-43BE10B6ACEB}.Release|Any CPU.Build.0 = Release|Any CPU
	EndGlobalSection
	GlobalSection(SolutionProperties) = preSolution
		HideSolutionNode = FALSE
	EndGlobalSection
	GlobalSection(ExtensibilityGlobals) = postSolution
		SolutionGuid = {25B68D95-7801-4310-9547-B0A49F5520A6}
	EndGlobalSection
EndGlobal
