
Microsoft Visual Studio Solution File, Format Version 12.00
# Visual Studio 15
VisualStudioVersion = 15.0.28307.106
MinimumVisualStudioVersion = 10.0.40219.1
Project("{FAE04EC0-301F-11D3-BF4B-00C04F79EFBC}") = "Hokus Pokus Launcher", "Hokus Pokus Launcher\Hokus Pokus Launcher.csproj", "{AE5A6138-ADAC-49E5-8FC8-2685C74732FF}"
EndProject
Global
	GlobalSection(SolutionConfigurationPlatforms) = preSolution
		Debug|Any CPU = Debug|Any CPU
		Release|Any CPU = Release|Any CPU
	EndGlobalSection
	GlobalSection(ProjectConfigurationPlatforms) = postSolution
		{AE5A6138-ADAC-49E5-8FC8-2685C74732FF}.Debug|Any CPU.ActiveCfg = Debug|Any CPU
		{AE5A6138-ADAC-49E5-8FC8-2685C74732FF}.Debug|Any CPU.Build.0 = Debug|Any CPU
		{AE5A6138-ADAC-49E5-8FC8-2685C74732FF}.Release|Any CPU.ActiveCfg = Release|Any CPU
		{AE5A6138-ADAC-49E5-8FC8-2685C74732FF}.Release|Any CPU.Build.0 = Release|Any CPU
	EndGlobalSection
	GlobalSection(SolutionProperties) = preSolution
		HideSolutionNode = FALSE
	EndGlobalSection
	GlobalSection(ExtensibilityGlobals) = postSolution
		SolutionGuid = {862047EB-CEC9-4B93-9107-05F3CD00142B}
	EndGlobalSection
EndGlobal
